
Microsoft Visual Studio Solution File, Format Version 12.00
# Visual Studio Version 17
VisualStudioVersion = 17.7.34018.315
MinimumVisualStudioVersion = 10.0.40219.1
Project("{FAE04EC0-301F-11D3-BF4B-00C04F79EFBC}") = "inlämmning 3.2", "inlämmning 3.2\inlämmning 3.2.csproj", "{1092B205-0F83-472A-9B27-17E0762842A0}"
EndProject
Global
	GlobalSection(SolutionConfigurationPlatforms) = preSolution
		Debug|Any CPU = Debug|Any CPU
		Release|Any CPU = Release|Any CPU
	EndGlobalSection
	GlobalSection(ProjectConfigurationPlatforms) = postSolution
		{1092B205-0F83-472A-9B27-17E0762842A0}.Debug|Any CPU.ActiveCfg = Debug|Any CPU
		{1092B205-0F83-472A-9B27-17E0762842A0}.Debug|Any CPU.Build.0 = Debug|Any CPU
		{1092B205-0F83-472A-9B27-17E0762842A0}.Release|Any CPU.ActiveCfg = Release|Any CPU
		{1092B205-0F83-472A-9B27-17E0762842A0}.Release|Any CPU.Build.0 = Release|Any CPU
	EndGlobalSection
	GlobalSection(SolutionProperties) = preSolution
		HideSolutionNode = FALSE
	EndGlobalSection
	GlobalSection(ExtensibilityGlobals) = postSolution
		SolutionGuid = {C933D2A7-6E48-4E45-B6A5-B02EE9744FDB}
	EndGlobalSection
EndGlobal
